
Microsoft Visual Studio Solution File, Format Version 12.00
# Visual Studio Version 17
VisualStudioVersion = 17.0.31903.59
MinimumVisualStudioVersion = 10.0.40219.1
Project("{2150E333-8FDC-42A3-9474-1A3956D46DE8}") = "IdentityServer4Samples", "IdentityServer4Samples", "{C14BA90F-434F-42A0-801F-F27D65EAA6B3}"
EndProject
Project("{9A19103F-16F7-4668-BE54-9A1E7A4F7556}") = "UserService", "IdentityServer4Samples\UserService\UserService.csproj", "{31430BCE-2BB4-43C0-8BC1-0671F9C89075}"
EndProject
Project("{9A19103F-16F7-4668-BE54-9A1E7A4F7556}") = "IdentityService", "IdentityServer4Samples\IdentityService\IdentityService.csproj", "{9FDAD37F-D70D-4990-B1C5-CAD760726708}"
EndProject
Project("{FAE04EC0-301F-11D3-BF4B-00C04F79EFBC}") = "YaprService", "YaprService\YaprService.csproj", "{F875311D-E896-42B7-8172-4FEE9E2A7A23}"
EndProject
Global
	GlobalSection(SolutionConfigurationPlatforms) = preSolution
		Debug|Any CPU = Debug|Any CPU
		Release|Any CPU = Release|Any CPU
	EndGlobalSection
	GlobalSection(ProjectConfigurationPlatforms) = postSolution
		{31430BCE-2BB4-43C0-8BC1-0671F9C89075}.Debug|Any CPU.ActiveCfg = Debug|Any CPU
		{31430BCE-2BB4-43C0-8BC1-0671F9C89075}.Debug|Any CPU.Build.0 = Debug|Any CPU
		{31430BCE-2BB4-43C0-8BC1-0671F9C89075}.Release|Any CPU.ActiveCfg = Release|Any CPU
		{31430BCE-2BB4-43C0-8BC1-0671F9C89075}.Release|Any CPU.Build.0 = Release|Any CPU
		{9FDAD37F-D70D-4990-B1C5-CAD760726708}.Debug|Any CPU.ActiveCfg = Debug|Any CPU
		{9FDAD37F-D70D-4990-B1C5-CAD760726708}.Debug|Any CPU.Build.0 = Debug|Any CPU
		{9FDAD37F-D70D-4990-B1C5-CAD760726708}.Release|Any CPU.ActiveCfg = Release|Any CPU
		{9FDAD37F-D70D-4990-B1C5-CAD760726708}.Release|Any CPU.Build.0 = Release|Any CPU
		{F875311D-E896-42B7-8172-4FEE9E2A7A23}.Debug|Any CPU.ActiveCfg = Debug|Any CPU
		{F875311D-E896-42B7-8172-4FEE9E2A7A23}.Debug|Any CPU.Build.0 = Debug|Any CPU
		{F875311D-E896-42B7-8172-4FEE9E2A7A23}.Release|Any CPU.ActiveCfg = Release|Any CPU
		{F875311D-E896-42B7-8172-4FEE9E2A7A23}.Release|Any CPU.Build.0 = Release|Any CPU
	EndGlobalSection
	GlobalSection(SolutionProperties) = preSolution
		HideSolutionNode = FALSE
	EndGlobalSection
	GlobalSection(NestedProjects) = preSolution
		{31430BCE-2BB4-43C0-8BC1-0671F9C89075} = {C14BA90F-434F-42A0-801F-F27D65EAA6B3}
		{9FDAD37F-D70D-4990-B1C5-CAD760726708} = {C14BA90F-434F-42A0-801F-F27D65EAA6B3}
	EndGlobalSection
	GlobalSection(ExtensibilityGlobals) = postSolution
		SolutionGuid = {FED5F78C-3550-45E7-B0E4-AC12E12B9587}
	EndGlobalSection
EndGlobal
